
Microsoft Visual Studio Solution File, Format Version 12.00
# Visual Studio Version 16
VisualStudioVersion = 16.0.29215.179
MinimumVisualStudioVersion = 10.0.40219.1
Project("{FAE04EC0-301F-11D3-BF4B-00C04F79EFBC}") = "TryParse = (Bruh)", "TryParse = (Bruh)\TryParse = (Bruh).csproj", "{FB857517-62E3-4090-9F43-887DF8CA8C0D}"
EndProject
Global
	GlobalSection(SolutionConfigurationPlatforms) = preSolution
		Debug|Any CPU = Debug|Any CPU
		Release|Any CPU = Release|Any CPU
	EndGlobalSection
	GlobalSection(ProjectConfigurationPlatforms) = postSolution
		{FB857517-62E3-4090-9F43-887DF8CA8C0D}.Debug|Any CPU.ActiveCfg = Debug|Any CPU
		{FB857517-62E3-4090-9F43-887DF8CA8C0D}.Debug|Any CPU.Build.0 = Debug|Any CPU
		{FB857517-62E3-4090-9F43-887DF8CA8C0D}.Release|Any CPU.ActiveCfg = Release|Any CPU
		{FB857517-62E3-4090-9F43-887DF8CA8C0D}.Release|Any CPU.Build.0 = Release|Any CPU
	EndGlobalSection
	GlobalSection(SolutionProperties) = preSolution
		HideSolutionNode = FALSE
	EndGlobalSection
	GlobalSection(ExtensibilityGlobals) = postSolution
		SolutionGuid = {6A6AF098-A311-4954-92FA-A7D0FC117827}
	EndGlobalSection
EndGlobal
